// !$*UTF8*$!
{
	archiveVersion = 1;
	classes = {
	};
	objectVersion = 46;
	objects = {

/* Begin PBXBuildFile section */
		1D3623260D0F684500981E51 /* SoundBarAppDelegate.m in Sources */ = {isa = PBXBuildFile; fileRef = 1D3623250D0F684500981E51 /* SoundBarAppDelegate.m */; };
		1D60589B0D05DD56006BFB54 /* main.m in Sources */ = {isa = PBXBuildFile; fileRef = 29B97316FDCFA39411CA2CEA /* main.m */; };
		1D60589F0D05DD5A006BFB54 /* Foundation.framework in Frameworks */ = {isa = PBXBuildFile; fileRef = 1D30AB110D05D00D00671497 /* Foundation.framework */; };
		288765A50DF7441C002DB57D /* CoreGraphics.framework in Frameworks */ = {isa = PBXBuildFile; fileRef = 288765A40DF7441C002DB57D /* CoreGraphics.framework */; };
		28D7ACF80DDB3853001CB0EB /* SoundBarViewController.m in Sources */ = {isa = PBXBuildFile; fileRef = 28D7ACF70DDB3853001CB0EB /* SoundBarViewController.m */; };
		D0146346189ECB06006C2525 /* Wolke1.png in Resources */ = {isa = PBXBuildFile; fileRef = D0146344189ECB06006C2525 /* Wolke1.png */; };
		D0146347189ECB06006C2525 /* Wolke2.png in Resources */ = {isa = PBXBuildFile; fileRef = D0146345189ECB06006C2525 /* Wolke2.png */; };
		D0146349189EF375006C2525 /* plop.aif in Resources */ = {isa = PBXBuildFile; fileRef = D0146348189EF16C006C2525 /* plop.aif */; };
		D01E2771120CE05D0080B12C /* AudioToolbox.framework in Frameworks */ = {isa = PBXBuildFile; fileRef = D01E2770120CE05D0080B12C /* AudioToolbox.framework */; };
		D0417071130B1D4B00852A76 /* CoreMedia.framework in Frameworks */ = {isa = PBXBuildFile; fileRef = D0417070130B1D4B00852A76 /* CoreMedia.framework */; };
		D0640C7F189DA37200F7685C /* SoundBarViewController-568h.xib in Resources */ = {isa = PBXBuildFile; fileRef = D0640C7E189DA37200F7685C /* SoundBarViewController-568h.xib */; };
		D06B628E189D7F8300C9B886 /* Default-568h@2x.png in Resources */ = {isa = PBXBuildFile; fileRef = D06B628D189D7F8300C9B886 /* Default-568h@2x.png */; };
		D06B6291189D90CE00C9B886 /* UIKit.framework in Frameworks */ = {isa = PBXBuildFile; fileRef = D06B6290189D90CE00C9B886 /* UIKit.framework */; };
		D08C09E611F65B83007E933B /* SoundBarPlayer.m in Sources */ = {isa = PBXBuildFile; fileRef = D08C09E511F65B83007E933B /* SoundBarPlayer.m */; };
		D08C09ED11F65D69007E933B /* AVFoundation.framework in Frameworks */ = {isa = PBXBuildFile; fileRef = D08C09EC11F65D69007E933B /* AVFoundation.framework */; };
		D08C09F111F65D71007E933B /* CoreAudio.framework in Frameworks */ = {isa = PBXBuildFile; fileRef = D08C09F011F65D71007E933B /* CoreAudio.framework */; };
		D08CA5EF189DAF1C0020C1CA /* Images.xcassets in Resources */ = {isa = PBXBuildFile; fileRef = D08CA5EE189DAF1C0020C1CA /* Images.xcassets */; };
		D08CA5F5189DB30A0020C1CA /* Icon-40@2x.png in Resources */ = {isa = PBXBuildFile; fileRef = D08CA5F4189DB30A0020C1CA /* Icon-40@2x.png */; };
		D08CA5F7189DB34B0020C1CA /* Icon-60@2x.png in Resources */ = {isa = PBXBuildFile; fileRef = D08CA5F6189DB34B0020C1CA /* Icon-60@2x.png */; };
		D09C55AF12EB4989008008D2 /* background.png in Resources */ = {isa = PBXBuildFile; fileRef = D09C559D12EB4989008008D2 /* background.png */; };
		D09C55B012EB4989008008D2 /* background@2x.png in Resources */ = {isa = PBXBuildFile; fileRef = D09C559E12EB4989008008D2 /* background@2x.png */; };
		D09C55B912EB4989008008D2 /* play_pressed.png in Resources */ = {isa = PBXBuildFile; fileRef = D09C55A712EB4989008008D2 /* play_pressed.png */; };
		D09C55BA12EB4989008008D2 /* play_pressed@2x.png in Resources */ = {isa = PBXBuildFile; fileRef = D09C55A812EB4989008008D2 /* play_pressed@2x.png */; };
		D09C55BB12EB4989008008D2 /* play.png in Resources */ = {isa = PBXBuildFile; fileRef = D09C55A912EB4989008008D2 /* play.png */; };
		D09C55BC12EB4989008008D2 /* play@2x.png in Resources */ = {isa = PBXBuildFile; fileRef = D09C55AA12EB4989008008D2 /* play@2x.png */; };
		D09C55BD12EB4989008008D2 /* rec_pressed.png in Resources */ = {isa = PBXBuildFile; fileRef = D09C55AB12EB4989008008D2 /* rec_pressed.png */; };
		D09C55BE12EB4989008008D2 /* rec_pressed@2x.png in Resources */ = {isa = PBXBuildFile; fileRef = D09C55AC12EB4989008008D2 /* rec_pressed@2x.png */; };
		D09C55BF12EB4989008008D2 /* rec.png in Resources */ = {isa = PBXBuildFile; fileRef = D09C55AD12EB4989008008D2 /* rec.png */; };
		D09C55C012EB4989008008D2 /* rec@2x.png in Resources */ = {isa = PBXBuildFile; fileRef = D09C55AE12EB4989008008D2 /* rec@2x.png */; };
		D09C55D812EB4AE6008008D2 /* Icon-72.png in Resources */ = {isa = PBXBuildFile; fileRef = D09C55D112EB4AE6008008D2 /* Icon-72.png */; };
		D09C55D912EB4AE6008008D2 /* Icon-Small-50.png in Resources */ = {isa = PBXBuildFile; fileRef = D09C55D212EB4AE6008008D2 /* Icon-Small-50.png */; };
		D09C55DA12EB4AE6008008D2 /* Icon-Small.png in Resources */ = {isa = PBXBuildFile; fileRef = D09C55D312EB4AE6008008D2 /* Icon-Small.png */; };
		D09C55DB12EB4AE6008008D2 /* Icon-Small@2x.png in Resources */ = {isa = PBXBuildFile; fileRef = D09C55D412EB4AE6008008D2 /* Icon-Small@2x.png */; };
		D09C55DC12EB4AE6008008D2 /* Icon.png in Resources */ = {isa = PBXBuildFile; fileRef = D09C55D512EB4AE6008008D2 /* Icon.png */; };
		D09C55DD12EB4AE6008008D2 /* Icon@2x.png in Resources */ = {isa = PBXBuildFile; fileRef = D09C55D612EB4AE6008008D2 /* Icon@2x.png */; };
		D09C55DE12EB4AE6008008D2 /* iTunesArtwork in Resources */ = {isa = PBXBuildFile; fileRef = D09C55D712EB4AE6008008D2 /* iTunesArtwork */; };
		D09C55E212EB4B0A008008D2 /* Default.png in Resources */ = {isa = PBXBuildFile; fileRef = D09C55E112EB4B0A008008D2 /* Default.png */; };
		D09E871812E2154D005E095B /* MessageUI.framework in Frameworks */ = {isa = PBXBuildFile; fileRef = D09E871712E2154D005E095B /* MessageUI.framework */; };
		D0A236D61210B8420036CAAF /* Localizable.strings in Resources */ = {isa = PBXBuildFile; fileRef = D045AA47120F5A40005AB28C /* Localizable.strings */; };
		D0A2E45C13170CFA00B1D74F /* star.png in Resources */ = {isa = PBXBuildFile; fileRef = D0A2E45A13170CFA00B1D74F /* star.png */; };
		D0A2E45D13170CFA00B1D74F /* star@2x.png in Resources */ = {isa = PBXBuildFile; fileRef = D0A2E45B13170CFA00B1D74F /* star@2x.png */; };
		D0AF0BB812DF962F0093E29D /* SoundBarRecorder.m in Sources */ = {isa = PBXBuildFile; fileRef = D0AF0BB712DF962F0093E29D /* SoundBarRecorder.m */; };
		D0B0E600130F4B9000B2748F /* ClipSound.m in Sources */ = {isa = PBXBuildFile; fileRef = D0B0E5FF130F4B8F00B2748F /* ClipSound.m */; };
		D0B4FE4B12EB7A3A00D55F6B /* Default@2x.png in Resources */ = {isa = PBXBuildFile; fileRef = D0B4FE4A12EB7A3A00D55F6B /* Default@2x.png */; };
		D0DA9F19120F5A92005C0732 /* MainWindow.xib in Resources */ = {isa = PBXBuildFile; fileRef = D0DA9F17120F5A92005C0732 /* MainWindow.xib */; };
		D0DA9F1A120F5A92005C0732 /* SoundBarViewController.xib in Resources */ = {isa = PBXBuildFile; fileRef = D0DA9F18120F5A92005C0732 /* SoundBarViewController.xib */; };
/* End PBXBuildFile section */

/* Begin PBXFileReference section */
		1D30AB110D05D00D00671497 /* Foundation.framework */ = {isa = PBXFileReference; lastKnownFileType = wrapper.framework; name = Foundation.framework; path = System/Library/Frameworks/Foundation.framework; sourceTree = SDKROOT; };
		1D3623240D0F684500981E51 /* SoundBarAppDelegate.h */ = {isa = PBXFileReference; fileEncoding = 4; lastKnownFileType = sourcecode.c.h; path = SoundBarAppDelegate.h; sourceTree = "<group>"; };
		1D3623250D0F684500981E51 /* SoundBarAppDelegate.m */ = {isa = PBXFileReference; fileEncoding = 4; lastKnownFileType = sourcecode.c.objc; path = SoundBarAppDelegate.m; sourceTree = "<group>"; };
		1D6058910D05DD3D006BFB54 /* SoundBar.app */ = {isa = PBXFileReference; explicitFileType = wrapper.application; includeInIndex = 0; path = SoundBar.app; sourceTree = BUILT_PRODUCTS_DIR; };
		1DF5F4DF0D08C38300B7A737 /* UIKit.framework */ = {isa = PBXFileReference; lastKnownFileType = wrapper.framework; name = UIKit.framework; path = /Developer/Platforms/iPhoneOS.platform/Developer/SDKs/iPhoneOS4.2.sdk/System/Library/Frameworks/UIKit.framework; sourceTree = "<absolute>"; };
		288765A40DF7441C002DB57D /* CoreGraphics.framework */ = {isa = PBXFileReference; lastKnownFileType = wrapper.framework; name = CoreGraphics.framework; path = System/Library/Frameworks/CoreGraphics.framework; sourceTree = SDKROOT; };
		28D7ACF60DDB3853001CB0EB /* SoundBarViewController.h */ = {isa = PBXFileReference; fileEncoding = 4; lastKnownFileType = sourcecode.c.h; path = SoundBarViewController.h; sourceTree = "<group>"; };
		28D7ACF70DDB3853001CB0EB /* SoundBarViewController.m */ = {isa = PBXFileReference; fileEncoding = 4; lastKnownFileType = sourcecode.c.objc; path = SoundBarViewController.m; sourceTree = "<group>"; };
		29B97316FDCFA39411CA2CEA /* main.m */ = {isa = PBXFileReference; fileEncoding = 4; lastKnownFileType = sourcecode.c.objc; path = main.m; sourceTree = "<group>"; };
		32CA4F630368D1EE00C91783 /* SoundBar_Prefix.pch */ = {isa = PBXFileReference; fileEncoding = 4; lastKnownFileType = sourcecode.c.h; path = SoundBar_Prefix.pch; sourceTree = "<group>"; };
		8D1107310486CEB800E47090 /* SoundBar-Info.plist */ = {isa = PBXFileReference; fileEncoding = 4; lastKnownFileType = text.plist.xml; path = "SoundBar-Info.plist"; plistStructureDefinitionIdentifier = "com.apple.xcode.plist.structure-definition.iphone.info-plist"; sourceTree = "<group>"; };
		D0146344189ECB06006C2525 /* Wolke1.png */ = {isa = PBXFileReference; lastKnownFileType = image.png; path = Wolke1.png; sourceTree = "<group>"; };
		D0146345189ECB06006C2525 /* Wolke2.png */ = {isa = PBXFileReference; lastKnownFileType = image.png; path = Wolke2.png; sourceTree = "<group>"; };
		D0146348189EF16C006C2525 /* plop.aif */ = {isa = PBXFileReference; lastKnownFileType = file; path = plop.aif; sourceTree = "<group>"; };
		D01E2770120CE05D0080B12C /* AudioToolbox.framework */ = {isa = PBXFileReference; lastKnownFileType = wrapper.framework; name = AudioToolbox.framework; path = System/Library/Frameworks/AudioToolbox.framework; sourceTree = SDKROOT; };
		D0417070130B1D4B00852A76 /* CoreMedia.framework */ = {isa = PBXFileReference; lastKnownFileType = wrapper.framework; name = CoreMedia.framework; path = System/Library/Frameworks/CoreMedia.framework; sourceTree = SDKROOT; };
		D045AA48120F5A40005AB28C /* English */ = {isa = PBXFileReference; fileEncoding = 4; lastKnownFileType = text.plist.strings; name = English; path = Resources/Localizations/English.lproj/Localizable.strings; sourceTree = "<group>"; };
		D045AA49120F5A4E005AB28C /* German */ = {isa = PBXFileReference; fileEncoding = 4; lastKnownFileType = text.plist.strings; name = German; path = Resources/Localizations/German.lproj/Localizable.strings; sourceTree = "<group>"; };
		D0640C7E189DA37200F7685C /* SoundBarViewController-568h.xib */ = {isa = PBXFileReference; fileEncoding = 4; lastKnownFileType = file.xib; name = "SoundBarViewController-568h.xib"; path = "Resources/NIB/SoundBarViewController-568h.xib"; sourceTree = "<group>"; };
		D06B628D189D7F8300C9B886 /* Default-568h@2x.png */ = {isa = PBXFileReference; lastKnownFileType = image.png; path = "Default-568h@2x.png"; sourceTree = "<group>"; };
		D06B628F189D8CFF00C9B886 /* SoundBar.entitlements */ = {isa = PBXFileReference; lastKnownFileType = text.xml; path = SoundBar.entitlements; sourceTree = "<group>"; };
		D06B6290189D90CE00C9B886 /* UIKit.framework */ = {isa = PBXFileReference; lastKnownFileType = wrapper.framework; name = UIKit.framework; path = System/Library/Frameworks/UIKit.framework; sourceTree = SDKROOT; };
		D08C09E411F65B83007E933B /* SoundBarPlayer.h */ = {isa = PBXFileReference; fileEncoding = 4; lastKnownFileType = sourcecode.c.h; path = SoundBarPlayer.h; sourceTree = "<group>"; };
		D08C09E511F65B83007E933B /* SoundBarPlayer.m */ = {isa = PBXFileReference; fileEncoding = 4; lastKnownFileType = sourcecode.c.objc; path = SoundBarPlayer.m; sourceTree = "<group>"; };
		D08C09EC11F65D69007E933B /* AVFoundation.framework */ = {isa = PBXFileReference; lastKnownFileType = wrapper.framework; name = AVFoundation.framework; path = System/Library/Frameworks/AVFoundation.framework; sourceTree = SDKROOT; };
		D08C09F011F65D71007E933B /* CoreAudio.framework */ = {isa = PBXFileReference; lastKnownFileType = wrapper.framework; name = CoreAudio.framework; path = System/Library/Frameworks/CoreAudio.framework; sourceTree = SDKROOT; };
		D08CA5EE189DAF1C0020C1CA /* Images.xcassets */ = {isa = PBXFileReference; lastKnownFileType = folder.assetcatalog; name = Images.xcassets; path = SoundBar/Images.xcassets; sourceTree = "<group>"; };
		D08CA5F4189DB30A0020C1CA /* Icon-40@2x.png */ = {isa = PBXFileReference; lastKnownFileType = image.png; path = "Icon-40@2x.png"; sourceTree = "<group>"; };
		D08CA5F6189DB34B0020C1CA /* Icon-60@2x.png */ = {isa = PBXFileReference; lastKnownFileType = image.png; path = "Icon-60@2x.png"; sourceTree = "<group>"; };
		D09C559D12EB4989008008D2 /* background.png */ = {isa = PBXFileReference; lastKnownFileType = image.png; name = background.png; path = Resources/Images/background.png; sourceTree = "<group>"; };
		D09C559E12EB4989008008D2 /* background@2x.png */ = {isa = PBXFileReference; lastKnownFileType = image.png; name = "background@2x.png"; path = "Resources/Images/background@2x.png"; sourceTree = "<group>"; };
		D09C55A712EB4989008008D2 /* play_pressed.png */ = {isa = PBXFileReference; lastKnownFileType = image.png; name = play_pressed.png; path = Resources/Images/play_pressed.png; sourceTree = "<group>"; };
		D09C55A812EB4989008008D2 /* play_pressed@2x.png */ = {isa = PBXFileReference; lastKnownFileType = image.png; name = "play_pressed@2x.png"; path = "Resources/Images/play_pressed@2x.png"; sourceTree = "<group>"; };
		D09C55A912EB4989008008D2 /* play.png */ = {isa = PBXFileReference; lastKnownFileType = image.png; name = play.png; path = Resources/Images/play.png; sourceTree = "<group>"; };
		D09C55AA12EB4989008008D2 /* play@2x.png */ = {isa = PBXFileReference; lastKnownFileType = image.png; name = "play@2x.png"; path = "Resources/Images/play@2x.png"; sourceTree = "<group>"; };
		D09C55AB12EB4989008008D2 /* rec_pressed.png */ = {isa = PBXFileReference; lastKnownFileType = image.png; name = rec_pressed.png; path = Resources/Images/rec_pressed.png; sourceTree = "<group>"; };
		D09C55AC12EB4989008008D2 /* rec_pressed@2x.png */ = {isa = PBXFileReference; lastKnownFileType = image.png; name = "rec_pressed@2x.png"; path = "Resources/Images/rec_pressed@2x.png"; sourceTree = "<group>"; };
		D09C55AD12EB4989008008D2 /* rec.png */ = {isa = PBXFileReference; lastKnownFileType = image.png; name = rec.png; path = Resources/Images/rec.png; sourceTree = "<group>"; };
		D09C55AE12EB4989008008D2 /* rec@2x.png */ = {isa = PBXFileReference; lastKnownFileType = image.png; name = "rec@2x.png"; path = "Resources/Images/rec@2x.png"; sourceTree = "<group>"; };
		D09C55D112EB4AE6008008D2 /* Icon-72.png */ = {isa = PBXFileReference; lastKnownFileType = image.png; path = "Icon-72.png"; sourceTree = "<group>"; };
		D09C55D212EB4AE6008008D2 /* Icon-Small-50.png */ = {isa = PBXFileReference; lastKnownFileType = image.png; path = "Icon-Small-50.png"; sourceTree = "<group>"; };
		D09C55D312EB4AE6008008D2 /* Icon-Small.png */ = {isa = PBXFileReference; lastKnownFileType = image.png; path = "Icon-Small.png"; sourceTree = "<group>"; };
		D09C55D412EB4AE6008008D2 /* Icon-Small@2x.png */ = {isa = PBXFileReference; lastKnownFileType = image.png; path = "Icon-Small@2x.png"; sourceTree = "<group>"; };
		D09C55D512EB4AE6008008D2 /* Icon.png */ = {isa = PBXFileReference; lastKnownFileType = image.png; path = Icon.png; sourceTree = "<group>"; };
		D09C55D612EB4AE6008008D2 /* Icon@2x.png */ = {isa = PBXFileReference; lastKnownFileType = image.png; path = "Icon@2x.png"; sourceTree = "<group>"; };
		D09C55D712EB4AE6008008D2 /* iTunesArtwork */ = {isa = PBXFileReference; lastKnownFileType = file; path = iTunesArtwork; sourceTree = "<group>"; };
		D09C55E112EB4B0A008008D2 /* Default.png */ = {isa = PBXFileReference; lastKnownFileType = image.png; path = Default.png; sourceTree = "<group>"; };
		D09E871712E2154D005E095B /* MessageUI.framework */ = {isa = PBXFileReference; lastKnownFileType = wrapper.framework; name = MessageUI.framework; path = System/Library/Frameworks/MessageUI.framework; sourceTree = SDKROOT; };
		D0A2E45A13170CFA00B1D74F /* star.png */ = {isa = PBXFileReference; lastKnownFileType = image.png; name = star.png; path = Resources/Images/star.png; sourceTree = "<group>"; };
		D0A2E45B13170CFA00B1D74F /* star@2x.png */ = {isa = PBXFileReference; lastKnownFileType = image.png; name = "star@2x.png"; path = "Resources/Images/star@2x.png"; sourceTree = "<group>"; };
		D0AF0BB612DF962F0093E29D /* SoundBarRecorder.h */ = {isa = PBXFileReference; fileEncoding = 4; lastKnownFileType = sourcecode.c.h; path = SoundBarRecorder.h; sourceTree = "<group>"; };
		D0AF0BB712DF962F0093E29D /* SoundBarRecorder.m */ = {isa = PBXFileReference; fileEncoding = 4; lastKnownFileType = sourcecode.c.objc; path = SoundBarRecorder.m; sourceTree = "<group>"; };
		D0B0E5FF130F4B8F00B2748F /* ClipSound.m */ = {isa = PBXFileReference; fileEncoding = 4; lastKnownFileType = sourcecode.c.objc; path = ClipSound.m; sourceTree = "<group>"; };
		D0B0E601130F4B9900B2748F /* ClipSound.h */ = {isa = PBXFileReference; fileEncoding = 4; lastKnownFileType = sourcecode.c.h; path = ClipSound.h; sourceTree = "<group>"; };
		D0B4FE4A12EB7A3A00D55F6B /* Default@2x.png */ = {isa = PBXFileReference; lastKnownFileType = image.png; path = "Default@2x.png"; sourceTree = "<group>"; };
		D0DA9F17120F5A92005C0732 /* MainWindow.xib */ = {isa = PBXFileReference; fileEncoding = 4; lastKnownFileType = file.xib; name = MainWindow.xib; path = Resources/NIB/MainWindow.xib; sourceTree = "<group>"; };
		D0DA9F18120F5A92005C0732 /* SoundBarViewController.xib */ = {isa = PBXFileReference; fileEncoding = 4; lastKnownFileType = file.xib; name = SoundBarViewController.xib; path = Resources/NIB/SoundBarViewController.xib; sourceTree = "<group>"; };
/* End PBXFileReference section */

/* Begin PBXFrameworksBuildPhase section */
		1D60588F0D05DD3D006BFB54 /* Frameworks */ = {
			isa = PBXFrameworksBuildPhase;
			buildActionMask = 2147483647;
			files = (
				D06B6291189D90CE00C9B886 /* UIKit.framework in Frameworks */,
				1D60589F0D05DD5A006BFB54 /* Foundation.framework in Frameworks */,
				288765A50DF7441C002DB57D /* CoreGraphics.framework in Frameworks */,
				D08C09ED11F65D69007E933B /* AVFoundation.framework in Frameworks */,
				D08C09F111F65D71007E933B /* CoreAudio.framework in Frameworks */,
				D01E2771120CE05D0080B12C /* AudioToolbox.framework in Frameworks */,
				D09E871812E2154D005E095B /* MessageUI.framework in Frameworks */,
				D0417071130B1D4B00852A76 /* CoreMedia.framework in Frameworks */,
			);
			runOnlyForDeploymentPostprocessing = 0;
		};
/* End PBXFrameworksBuildPhase section */

/* Begin PBXGroup section */
		080E96DDFE201D6D7F000001 /* Classes */ = {
			isa = PBXGroup;
			children = (
				1D3623240D0F684500981E51 /* SoundBarAppDelegate.h */,
				1D3623250D0F684500981E51 /* SoundBarAppDelegate.m */,
				28D7ACF60DDB3853001CB0EB /* SoundBarViewController.h */,
				28D7ACF70DDB3853001CB0EB /* SoundBarViewController.m */,
				D0AF0BB612DF962F0093E29D /* SoundBarRecorder.h */,
				D0AF0BB712DF962F0093E29D /* SoundBarRecorder.m */,
				D08C09E411F65B83007E933B /* SoundBarPlayer.h */,
				D08C09E511F65B83007E933B /* SoundBarPlayer.m */,
				D0B0E601130F4B9900B2748F /* ClipSound.h */,
				D0B0E5FF130F4B8F00B2748F /* ClipSound.m */,
			);
			path = Classes;
			sourceTree = "<group>";
		};
		19C28FACFE9D520D11CA2CBB /* Products */ = {
			isa = PBXGroup;
			children = (
				1D6058910D05DD3D006BFB54 /* SoundBar.app */,
			);
			name = Products;
			sourceTree = "<group>";
		};
		29B97314FDCFA39411CA2CEA /* CustomTemplate */ = {
			isa = PBXGroup;
			children = (
				D08CA5EE189DAF1C0020C1CA /* Images.xcassets */,
				D06B628F189D8CFF00C9B886 /* SoundBar.entitlements */,
				080E96DDFE201D6D7F000001 /* Classes */,
				29B97315FDCFA39411CA2CEA /* Other Sources */,
				29B97323FDCFA39411CA2CEA /* Frameworks */,
				19C28FACFE9D520D11CA2CBB /* Products */,
			);
			name = CustomTemplate;
			sourceTree = "<group>";
		};
		29B97315FDCFA39411CA2CEA /* Other Sources */ = {
			isa = PBXGroup;
			children = (
				32CA4F630368D1EE00C91783 /* SoundBar_Prefix.pch */,
				29B97316FDCFA39411CA2CEA /* main.m */,
				29B97317FDCFA39411CA2CEA /* Resources */,
			);
			name = "Other Sources";
			sourceTree = "<group>";
		};
		29B97317FDCFA39411CA2CEA /* Resources */ = {
			isa = PBXGroup;
			children = (
				D088E34E120F4EA900977465 /* Localizations */,
				D088E34F120F4EB800977465 /* NIB */,
				D09C55CE12EB4A18008008D2 /* Icons */,
				D088E351120F4EE500977465 /* Images */,
				D0146348189EF16C006C2525 /* plop.aif */,
				D09C55E112EB4B0A008008D2 /* Default.png */,
				D0B4FE4A12EB7A3A00D55F6B /* Default@2x.png */,
				D06B628D189D7F8300C9B886 /* Default-568h@2x.png */,
				8D1107310486CEB800E47090 /* SoundBar-Info.plist */,
			);
			name = Resources;
			sourceTree = "<group>";
		};
		29B97323FDCFA39411CA2CEA /* Frameworks */ = {
			isa = PBXGroup;
			children = (
				D06B6290189D90CE00C9B886 /* UIKit.framework */,
				D0417070130B1D4B00852A76 /* CoreMedia.framework */,
				1DF5F4DF0D08C38300B7A737 /* UIKit.framework */,
				1D30AB110D05D00D00671497 /* Foundation.framework */,
				288765A40DF7441C002DB57D /* CoreGraphics.framework */,
				D08C09EC11F65D69007E933B /* AVFoundation.framework */,
				D08C09F011F65D71007E933B /* CoreAudio.framework */,
				D01E2770120CE05D0080B12C /* AudioToolbox.framework */,
				D09E871712E2154D005E095B /* MessageUI.framework */,
			);
			name = Frameworks;
			sourceTree = "<group>";
		};
		D088E34E120F4EA900977465 /* Localizations */ = {
			isa = PBXGroup;
			children = (
				D045AA47120F5A40005AB28C /* Localizable.strings */,
			);
			name = Localizations;
			sourceTree = "<group>";
		};
		D088E34F120F4EB800977465 /* NIB */ = {
			isa = PBXGroup;
			children = (
				D0DA9F17120F5A92005C0732 /* MainWindow.xib */,
				D0DA9F18120F5A92005C0732 /* SoundBarViewController.xib */,
				D0640C7E189DA37200F7685C /* SoundBarViewController-568h.xib */,
			);
			name = NIB;
			sourceTree = "<group>";
		};
		D088E351120F4EE500977465 /* Images */ = {
			isa = PBXGroup;
			children = (
				D0146344189ECB06006C2525 /* Wolke1.png */,
				D0146345189ECB06006C2525 /* Wolke2.png */,
				D0A2E45A13170CFA00B1D74F /* star.png */,
				D0A2E45B13170CFA00B1D74F /* star@2x.png */,
				D09C559D12EB4989008008D2 /* background.png */,
				D09C559E12EB4989008008D2 /* background@2x.png */,
				D09C55A912EB4989008008D2 /* play.png */,
				D09C55AA12EB4989008008D2 /* play@2x.png */,
				D09C55A712EB4989008008D2 /* play_pressed.png */,
				D09C55A812EB4989008008D2 /* play_pressed@2x.png */,
				D09C55AD12EB4989008008D2 /* rec.png */,
				D09C55AE12EB4989008008D2 /* rec@2x.png */,
				D09C55AB12EB4989008008D2 /* rec_pressed.png */,
				D09C55AC12EB4989008008D2 /* rec_pressed@2x.png */,
			);
			name = Images;
			sourceTree = "<group>";
		};
		D09C55CE12EB4A18008008D2 /* Icons */ = {
			isa = PBXGroup;
			children = (
				D09C55D712EB4AE6008008D2 /* iTunesArtwork */,
				D09C55D512EB4AE6008008D2 /* Icon.png */,
				D09C55D612EB4AE6008008D2 /* Icon@2x.png */,
				D08CA5F4189DB30A0020C1CA /* Icon-40@2x.png */,
				D08CA5F6189DB34B0020C1CA /* Icon-60@2x.png */,
				D09C55D112EB4AE6008008D2 /* Icon-72.png */,
				D09C55D312EB4AE6008008D2 /* Icon-Small.png */,
				D09C55D212EB4AE6008008D2 /* Icon-Small-50.png */,
				D09C55D412EB4AE6008008D2 /* Icon-Small@2x.png */,
			);
			name = Icons;
			sourceTree = "<group>";
		};
/* End PBXGroup section */

/* Begin PBXNativeTarget section */
		1D6058900D05DD3D006BFB54 /* SoundBar */ = {
			isa = PBXNativeTarget;
			buildConfigurationList = 1D6058960D05DD3E006BFB54 /* Build configuration list for PBXNativeTarget "SoundBar" */;
			buildPhases = (
				1D60588D0D05DD3D006BFB54 /* Resources */,
				1D60588E0D05DD3D006BFB54 /* Sources */,
				1D60588F0D05DD3D006BFB54 /* Frameworks */,
			);
			buildRules = (
			);
			dependencies = (
			);
			name = SoundBar;
			productName = SoundBar;
			productReference = 1D6058910D05DD3D006BFB54 /* SoundBar.app */;
			productType = "com.apple.product-type.application";
		};
/* End PBXNativeTarget section */

/* Begin PBXProject section */
		29B97313FDCFA39411CA2CEA /* Project object */ = {
			isa = PBXProject;
			attributes = {
				LastUpgradeCheck = 0500;
				TargetAttributes = {
					1D6058900D05DD3D006BFB54 = {
						DevelopmentTeam = CVCAS47FPX;
					};
				};
			};
			buildConfigurationList = C01FCF4E08A954540054247B /* Build configuration list for PBXProject "SoundBar" */;
			compatibilityVersion = "Xcode 3.2";
			developmentRegion = English;
			hasScannedForEncodings = 1;
			knownRegions = (
				en,
				de,
				af,
				German,
				English,
			);
			mainGroup = 29B97314FDCFA39411CA2CEA /* CustomTemplate */;
			projectDirPath = "";
			projectRoot = "";
			targets = (
				1D6058900D05DD3D006BFB54 /* SoundBar */,
			);
		};
/* End PBXProject section */

/* Begin PBXResourcesBuildPhase section */
		1D60588D0D05DD3D006BFB54 /* Resources */ = {
			isa = PBXResourcesBuildPhase;
			buildActionMask = 2147483647;
			files = (
				D0DA9F19120F5A92005C0732 /* MainWindow.xib in Resources */,
				D0146349189EF375006C2525 /* plop.aif in Resources */,
				D0DA9F1A120F5A92005C0732 /* SoundBarViewController.xib in Resources */,
				D0A236D61210B8420036CAAF /* Localizable.strings in Resources */,
				D09C55AF12EB4989008008D2 /* background.png in Resources */,
				D08CA5F7189DB34B0020C1CA /* Icon-60@2x.png in Resources */,
				D09C55B012EB4989008008D2 /* background@2x.png in Resources */,
				D09C55B912EB4989008008D2 /* play_pressed.png in Resources */,
				D09C55BA12EB4989008008D2 /* play_pressed@2x.png in Resources */,
				D0146347189ECB06006C2525 /* Wolke2.png in Resources */,
				D0146346189ECB06006C2525 /* Wolke1.png in Resources */,
				D09C55BB12EB4989008008D2 /* play.png in Resources */,
				D09C55BC12EB4989008008D2 /* play@2x.png in Resources */,
				D08CA5EF189DAF1C0020C1CA /* Images.xcassets in Resources */,
				D09C55BD12EB4989008008D2 /* rec_pressed.png in Resources */,
				D09C55BE12EB4989008008D2 /* rec_pressed@2x.png in Resources */,
				D09C55BF12EB4989008008D2 /* rec.png in Resources */,
				D09C55C012EB4989008008D2 /* rec@2x.png in Resources */,
				D0640C7F189DA37200F7685C /* SoundBarViewController-568h.xib in Resources */,
				D09C55D812EB4AE6008008D2 /* Icon-72.png in Resources */,
				D09C55D912EB4AE6008008D2 /* Icon-Small-50.png in Resources */,
				D09C55DA12EB4AE6008008D2 /* Icon-Small.png in Resources */,
				D09C55DB12EB4AE6008008D2 /* Icon-Small@2x.png in Resources */,
				D09C55DC12EB4AE6008008D2 /* Icon.png in Resources */,
				D09C55DD12EB4AE6008008D2 /* Icon@2x.png in Resources */,
				D09C55DE12EB4AE6008008D2 /* iTunesArtwork in Resources */,
				D09C55E212EB4B0A008008D2 /* Default.png in Resources */,
				D0B4FE4B12EB7A3A00D55F6B /* Default@2x.png in Resources */,
				D0A2E45C13170CFA00B1D74F /* star.png in Resources */,
				D08CA5F5189DB30A0020C1CA /* Icon-40@2x.png in Resources */,
				D06B628E189D7F8300C9B886 /* Default-568h@2x.png in Resources */,
				D0A2E45D13170CFA00B1D74F /* star@2x.png in Resources */,
			);
			runOnlyForDeploymentPostprocessing = 0;
		};
/* End PBXResourcesBuildPhase section */

/* Begin PBXSourcesBuildPhase section */
		1D60588E0D05DD3D006BFB54 /* Sources */ = {
			isa = PBXSourcesBuildPhase;
			buildActionMask = 2147483647;
			files = (
				1D60589B0D05DD56006BFB54 /* main.m in Sources */,
				1D3623260D0F684500981E51 /* SoundBarAppDelegate.m in Sources */,
				28D7ACF80DDB3853001CB0EB /* SoundBarViewController.m in Sources */,
				D08C09E611F65B83007E933B /* SoundBarPlayer.m in Sources */,
				D0AF0BB812DF962F0093E29D /* SoundBarRecorder.m in Sources */,
				D0B0E600130F4B9000B2748F /* ClipSound.m in Sources */,
			);
			runOnlyForDeploymentPostprocessing = 0;
		};
/* End PBXSourcesBuildPhase section */

/* Begin PBXVariantGroup section */
		D045AA47120F5A40005AB28C /* Localizable.strings */ = {
			isa = PBXVariantGroup;
			children = (
				D045AA48120F5A40005AB28C /* English */,
				D045AA49120F5A4E005AB28C /* German */,
			);
			name = Localizable.strings;
			sourceTree = "<group>";
		};
/* End PBXVariantGroup section */

/* Begin XCBuildConfiguration section */
		1D6058940D05DD3E006BFB54 /* Debug */ = {
			isa = XCBuildConfiguration;
			buildSettings = {
				ALWAYS_SEARCH_USER_PATHS = NO;
				ASSETCATALOG_COMPILER_APPICON_NAME = AppIcon;
				ASSETCATALOG_COMPILER_LAUNCHIMAGE_NAME = LaunchImage;
				CLANG_ENABLE_OBJC_ARC = YES;
				CODE_SIGN_ENTITLEMENTS = SoundBar.entitlements;
				COPY_PHASE_STRIP = NO;
				FRAMEWORK_SEARCH_PATHS = (
					"$(inherited)",
					"\"$(SRCROOT)\"",
				);
				GCC_DYNAMIC_NO_PIC = NO;
				GCC_OPTIMIZATION_LEVEL = 0;
				GCC_PRECOMPILE_PREFIX_HEADER = YES;
				GCC_PREFIX_HEADER = SoundBar_Prefix.pch;
				INFOPLIST_FILE = "SoundBar-Info.plist";
				IPHONEOS_DEPLOYMENT_TARGET = 6.0;
				PRODUCT_NAME = SoundBar;
			};
			name = Debug;
		};
		1D6058950D05DD3E006BFB54 /* Release */ = {
			isa = XCBuildConfiguration;
			buildSettings = {
				ALWAYS_SEARCH_USER_PATHS = NO;
				ASSETCATALOG_COMPILER_APPICON_NAME = AppIcon;
				ASSETCATALOG_COMPILER_LAUNCHIMAGE_NAME = LaunchImage;
				CLANG_ENABLE_OBJC_ARC = YES;
				CODE_SIGN_ENTITLEMENTS = SoundBar.entitlements;
				"CODE_SIGN_IDENTITY[sdk=iphoneos*]" = "iPhone Distribution";
				COPY_PHASE_STRIP = YES;
				FRAMEWORK_SEARCH_PATHS = (
					"$(inherited)",
					"\"$(SRCROOT)\"",
				);
				GCC_PRECOMPILE_PREFIX_HEADER = YES;
				GCC_PREFIX_HEADER = SoundBar_Prefix.pch;
				INFOPLIST_FILE = "SoundBar-Info.plist";
				IPHONEOS_DEPLOYMENT_TARGET = 6.0;
				PRODUCT_NAME = SoundBar;
				"PROVISIONING_PROFILE[sdk=iphoneos*]" = "";
				VALIDATE_PRODUCT = YES;
			};
			name = Release;
		};
		C01FCF4F08A954540054247B /* Debug */ = {
			isa = XCBuildConfiguration;
			buildSettings = {
				CODE_SIGN_IDENTITY = "iPhone Developer";
				GCC_C_LANGUAGE_STANDARD = c99;
				GCC_PREPROCESSOR_DEFINITIONS = DEBUG;
				GCC_WARN_ABOUT_RETURN_TYPE = YES;
				GCC_WARN_UNUSED_VARIABLE = YES;
				IPHONEOS_DEPLOYMENT_TARGET = 6.0;
				ONLY_ACTIVE_ARCH = YES;
				PREBINDING = NO;
				PROVISIONING_PROFILE = "ED1086FC-6599-473A-B796-EA3DBC1C884D";
				SDKROOT = iphoneos;
			};
			name = Debug;
		};
		C01FCF5008A954540054247B /* Release */ = {
			isa = XCBuildConfiguration;
			buildSettings = {
				CODE_SIGN_IDENTITY = "iPhone Distribution";
				GCC_C_LANGUAGE_STANDARD = c99;
				GCC_WARN_ABOUT_RETURN_TYPE = YES;
				GCC_WARN_UNUSED_VARIABLE = YES;
				IPHONEOS_DEPLOYMENT_TARGET = 6.0;
				OTHER_CFLAGS = "-DNS_BLOCK_ASSERTIONS=1";
				PREBINDING = NO;
				PROVISIONING_PROFILE = "ED1086FC-6599-473A-B796-EA3DBC1C884D";
				SDKROOT = iphoneos;
			};
			name = Release;
		};
		D0A237011210C4BB0036CAAF /* Distribution */ = {
			isa = XCBuildConfiguration;
			buildSettings = {
				CODE_SIGN_IDENTITY = "iPhone Distribution";
				GCC_C_LANGUAGE_STANDARD = c99;
				GCC_WARN_ABOUT_RETURN_TYPE = YES;
				GCC_WARN_UNUSED_VARIABLE = YES;
				IPHONEOS_DEPLOYMENT_TARGET = 6.0;
				OTHER_CFLAGS = "-DNS_BLOCK_ASSERTIONS=1";
				PREBINDING = NO;
				PROVISIONING_PROFILE = "ED1086FC-6599-473A-B796-EA3DBC1C884D";
				SDKROOT = iphoneos;
			};
			name = Distribution;
		};
		D0A237021210C4BB0036CAAF /* Distribution */ = {
			isa = XCBuildConfiguration;
			buildSettings = {
				ALWAYS_SEARCH_USER_PATHS = NO;
				ASSETCATALOG_COMPILER_APPICON_NAME = AppIcon;
				ASSETCATALOG_COMPILER_LAUNCHIMAGE_NAME = LaunchImage;
				CLANG_ENABLE_OBJC_ARC = YES;
				CODE_SIGN_ENTITLEMENTS = SoundBar.entitlements;
				"CODE_SIGN_IDENTITY[sdk=iphoneos*]" = "iPhone Distribution";
				COPY_PHASE_STRIP = YES;
				FRAMEWORK_SEARCH_PATHS = (
					"$(inherited)",
					"\"$(SRCROOT)\"",
				);
				GCC_PRECOMPILE_PREFIX_HEADER = YES;
				GCC_PREFIX_HEADER = SoundBar_Prefix.pch;
				INFOPLIST_FILE = "SoundBar-Info.plist";
				IPHONEOS_DEPLOYMENT_TARGET = 6.0;
				PRODUCT_NAME = SoundBar;
				"PROVISIONING_PROFILE[sdk=iphoneos*]" = "";
				VALIDATE_PRODUCT = YES;
			};
			name = Distribution;
		};
/* End XCBuildConfiguration section */

/* Begin XCConfigurationList section */
		1D6058960D05DD3E006BFB54 /* Build configuration list for PBXNativeTarget "SoundBar" */ = {
			isa = XCConfigurationList;
			buildConfigurations = (
				1D6058940D05DD3E006BFB54 /* Debug */,
				1D6058950D05DD3E006BFB54 /* Release */,
				D0A237021210C4BB0036CAAF /* Distribution */,
			);
			defaultConfigurationIsVisible = 0;
			defaultConfigurationName = Release;
		};
		C01FCF4E08A954540054247B /* Build configuration list for PBXProject "SoundBar" */ = {
			isa = XCConfigurationList;
			buildConfigurations = (
				C01FCF4F08A954540054247B /* Debug */,
				C01FCF5008A954540054247B /* Release */,
				D0A237011210C4BB0036CAAF /* Distribution */,
			);
			defaultConfigurationIsVisible = 0;
			defaultConfigurationName = Release;
		};
/* End XCConfigurationList section */
	};
	rootObject = 29B97313FDCFA39411CA2CEA /* Project object */;
}
